
Microsoft Visual Studio Solution File, Format Version 12.00
# Visual Studio 14
VisualStudioVersion = 14.0.25420.1
MinimumVisualStudioVersion = 10.0.40219.1
Project("{FAE04EC0-301F-11D3-BF4B-00C04F79EFBC}") = "PVenta.Web", "Infiniteskills.Web\PVenta.Web.csproj", "{50E4FB44-4269-4FED-BCD4-C29810F01CB0}"
EndProject
Project("{2150E333-8FDC-42A3-9474-1A3956D46DE8}") = "Presentation", "Presentation", "{586658C9-2E31-4DF4-9975-47893CBCBFA3}"
EndProject
Project("{2150E333-8FDC-42A3-9474-1A3956D46DE8}") = "Infrastructure", "Infrastructure", "{7D781F6A-5DF5-4FBE-A8D1-0A6870EF72E7}"
EndProject
Project("{2150E333-8FDC-42A3-9474-1A3956D46DE8}") = "Application", "Application", "{BC34FAAA-AF36-47D1-AD4C-600850A9A686}"
EndProject
Project("{2150E333-8FDC-42A3-9474-1A3956D46DE8}") = "Domain", "Domain", "{E37FE9C5-7ED6-4F10-B6E6-6E90BFDE2767}"
EndProject
Project("{2150E333-8FDC-42A3-9474-1A3956D46DE8}") = "Common", "Common", "{1EB5F473-160E-41DC-B133-0ADA742BADDC}"
EndProject
Project("{FAE04EC0-301F-11D3-BF4B-00C04F79EFBC}") = "PVenta.Infra.Data", "Infiniteskills.Infra.Data\PVenta.Infra.Data.csproj", "{D557B8DD-7742-470D-8E06-7ABEA605A6DF}"
EndProject
Project("{FAE04EC0-301F-11D3-BF4B-00C04F79EFBC}") = "PVenta.Infra.Ioc", "Infiniteskills.Infra.Ioc\PVenta.Infra.Ioc.csproj", "{63878541-4039-4EA4-8CB6-892016CD4561}"
EndProject
Project("{FAE04EC0-301F-11D3-BF4B-00C04F79EFBC}") = "PVenta.Infra.Core", "Infiniteskills.Infra.Core\PVenta.Infra.Core.csproj", "{31DCBFA1-FA50-46B8-BCF8-2C90D135BCBA}"
EndProject
Project("{FAE04EC0-301F-11D3-BF4B-00C04F79EFBC}") = "PVenta.Infra.Base", "Infiniteskills.Infra.Base\PVenta.Infra.Base.csproj", "{1ECAA93B-7AAE-4863-AE10-E46208435B2F}"
EndProject
Project("{FAE04EC0-301F-11D3-BF4B-00C04F79EFBC}") = "PVenta.Transport", "Infiniteskills.Transport\PVenta.Transport.csproj", "{2DA78608-0357-4E99-B148-5D2FD7D80CF1}"
EndProject
Project("{FAE04EC0-301F-11D3-BF4B-00C04F79EFBC}") = "PVenta.Service", "Infiniteskills.Service\PVenta.Service.csproj", "{323B2237-8987-4860-98C3-0A0B32202930}"
EndProject
Project("{FAE04EC0-301F-11D3-BF4B-00C04F79EFBC}") = "Infiniteskills.Common", "Infiniteskills.Common\Infiniteskills.Common.csproj", "{01163454-8314-4289-8703-3606CA2FD51B}"
EndProject
Project("{FAE04EC0-301F-11D3-BF4B-00C04F79EFBC}") = "Infiniteskills.Helpers", "Infiniteskills.Helpers\Infiniteskills.Helpers.csproj", "{7CA04BE8-C7D0-4900-B121-EFBB43AC39E1}"
EndProject
Project("{FAE04EC0-301F-11D3-BF4B-00C04F79EFBC}") = "PVenta.Repository", "Infiniteskills.Repository\PVenta.Repository.csproj", "{81238098-7DE0-46A4-BE44-323BAA7AB1DC}"
EndProject
Project("{FAE04EC0-301F-11D3-BF4B-00C04F79EFBC}") = "PVenta.Domain", "Infiniteskills.Domain\PVenta.Domain.csproj", "{CB9DBA8E-1B34-497C-9DFA-D829DA45DEA2}"
EndProject
Global
	GlobalSection(SolutionConfigurationPlatforms) = preSolution
		Debug|Any CPU = Debug|Any CPU
		Release|Any CPU = Release|Any CPU
	EndGlobalSection
	GlobalSection(ProjectConfigurationPlatforms) = postSolution
		{50E4FB44-4269-4FED-BCD4-C29810F01CB0}.Debug|Any CPU.ActiveCfg = Debug|Any CPU
		{50E4FB44-4269-4FED-BCD4-C29810F01CB0}.Debug|Any CPU.Build.0 = Debug|Any CPU
		{50E4FB44-4269-4FED-BCD4-C29810F01CB0}.Release|Any CPU.ActiveCfg = Release|Any CPU
		{50E4FB44-4269-4FED-BCD4-C29810F01CB0}.Release|Any CPU.Build.0 = Release|Any CPU
		{D557B8DD-7742-470D-8E06-7ABEA605A6DF}.Debug|Any CPU.ActiveCfg = Debug|Any CPU
		{D557B8DD-7742-470D-8E06-7ABEA605A6DF}.Debug|Any CPU.Build.0 = Debug|Any CPU
		{D557B8DD-7742-470D-8E06-7ABEA605A6DF}.Release|Any CPU.ActiveCfg = Release|Any CPU
		{D557B8DD-7742-470D-8E06-7ABEA605A6DF}.Release|Any CPU.Build.0 = Release|Any CPU
		{63878541-4039-4EA4-8CB6-892016CD4561}.Debug|Any CPU.ActiveCfg = Debug|Any CPU
		{63878541-4039-4EA4-8CB6-892016CD4561}.Debug|Any CPU.Build.0 = Debug|Any CPU
		{63878541-4039-4EA4-8CB6-892016CD4561}.Release|Any CPU.ActiveCfg = Release|Any CPU
		{63878541-4039-4EA4-8CB6-892016CD4561}.Release|Any CPU.Build.0 = Release|Any CPU
		{31DCBFA1-FA50-46B8-BCF8-2C90D135BCBA}.Debug|Any CPU.ActiveCfg = Debug|Any CPU
		{31DCBFA1-FA50-46B8-BCF8-2C90D135BCBA}.Debug|Any CPU.Build.0 = Debug|Any CPU
		{31DCBFA1-FA50-46B8-BCF8-2C90D135BCBA}.Release|Any CPU.ActiveCfg = Release|Any CPU
		{31DCBFA1-FA50-46B8-BCF8-2C90D135BCBA}.Release|Any CPU.Build.0 = Release|Any CPU
		{1ECAA93B-7AAE-4863-AE10-E46208435B2F}.Debug|Any CPU.ActiveCfg = Debug|Any CPU
		{1ECAA93B-7AAE-4863-AE10-E46208435B2F}.Debug|Any CPU.Build.0 = Debug|Any CPU
		{1ECAA93B-7AAE-4863-AE10-E46208435B2F}.Release|Any CPU.ActiveCfg = Release|Any CPU
		{1ECAA93B-7AAE-4863-AE10-E46208435B2F}.Release|Any CPU.Build.0 = Release|Any CPU
		{2DA78608-0357-4E99-B148-5D2FD7D80CF1}.Debug|Any CPU.ActiveCfg = Debug|Any CPU
		{2DA78608-0357-4E99-B148-5D2FD7D80CF1}.Debug|Any CPU.Build.0 = Debug|Any CPU
		{2DA78608-0357-4E99-B148-5D2FD7D80CF1}.Release|Any CPU.ActiveCfg = Release|Any CPU
		{2DA78608-0357-4E99-B148-5D2FD7D80CF1}.Release|Any CPU.Build.0 = Release|Any CPU
		{323B2237-8987-4860-98C3-0A0B32202930}.Debug|Any CPU.ActiveCfg = Debug|Any CPU
		{323B2237-8987-4860-98C3-0A0B32202930}.Debug|Any CPU.Build.0 = Debug|Any CPU
		{323B2237-8987-4860-98C3-0A0B32202930}.Release|Any CPU.ActiveCfg = Release|Any CPU
		{323B2237-8987-4860-98C3-0A0B32202930}.Release|Any CPU.Build.0 = Release|Any CPU
		{01163454-8314-4289-8703-3606CA2FD51B}.Debug|Any CPU.ActiveCfg = Debug|Any CPU
		{01163454-8314-4289-8703-3606CA2FD51B}.Debug|Any CPU.Build.0 = Debug|Any CPU
		{01163454-8314-4289-8703-3606CA2FD51B}.Release|Any CPU.ActiveCfg = Release|Any CPU
		{01163454-8314-4289-8703-3606CA2FD51B}.Release|Any CPU.Build.0 = Release|Any CPU
		{7CA04BE8-C7D0-4900-B121-EFBB43AC39E1}.Debug|Any CPU.ActiveCfg = Debug|Any CPU
		{7CA04BE8-C7D0-4900-B121-EFBB43AC39E1}.Debug|Any CPU.Build.0 = Debug|Any CPU
		{7CA04BE8-C7D0-4900-B121-EFBB43AC39E1}.Release|Any CPU.ActiveCfg = Release|Any CPU
		{7CA04BE8-C7D0-4900-B121-EFBB43AC39E1}.Release|Any CPU.Build.0 = Release|Any CPU
		{81238098-7DE0-46A4-BE44-323BAA7AB1DC}.Debug|Any CPU.ActiveCfg = Debug|Any CPU
		{81238098-7DE0-46A4-BE44-323BAA7AB1DC}.Debug|Any CPU.Build.0 = Debug|Any CPU
		{81238098-7DE0-46A4-BE44-323BAA7AB1DC}.Release|Any CPU.ActiveCfg = Release|Any CPU
		{81238098-7DE0-46A4-BE44-323BAA7AB1DC}.Release|Any CPU.Build.0 = Release|Any CPU
		{CB9DBA8E-1B34-497C-9DFA-D829DA45DEA2}.Debug|Any CPU.ActiveCfg = Debug|Any CPU
		{CB9DBA8E-1B34-497C-9DFA-D829DA45DEA2}.Debug|Any CPU.Build.0 = Debug|Any CPU
		{CB9DBA8E-1B34-497C-9DFA-D829DA45DEA2}.Release|Any CPU.ActiveCfg = Release|Any CPU
		{CB9DBA8E-1B34-497C-9DFA-D829DA45DEA2}.Release|Any CPU.Build.0 = Release|Any CPU
	EndGlobalSection
	GlobalSection(SolutionProperties) = preSolution
		HideSolutionNode = FALSE
	EndGlobalSection
	GlobalSection(NestedProjects) = preSolution
		{50E4FB44-4269-4FED-BCD4-C29810F01CB0} = {586658C9-2E31-4DF4-9975-47893CBCBFA3}
		{D557B8DD-7742-470D-8E06-7ABEA605A6DF} = {7D781F6A-5DF5-4FBE-A8D1-0A6870EF72E7}
		{63878541-4039-4EA4-8CB6-892016CD4561} = {7D781F6A-5DF5-4FBE-A8D1-0A6870EF72E7}
		{31DCBFA1-FA50-46B8-BCF8-2C90D135BCBA} = {7D781F6A-5DF5-4FBE-A8D1-0A6870EF72E7}
		{1ECAA93B-7AAE-4863-AE10-E46208435B2F} = {7D781F6A-5DF5-4FBE-A8D1-0A6870EF72E7}
		{2DA78608-0357-4E99-B148-5D2FD7D80CF1} = {BC34FAAA-AF36-47D1-AD4C-600850A9A686}
		{323B2237-8987-4860-98C3-0A0B32202930} = {BC34FAAA-AF36-47D1-AD4C-600850A9A686}
		{01163454-8314-4289-8703-3606CA2FD51B} = {1EB5F473-160E-41DC-B133-0ADA742BADDC}
		{7CA04BE8-C7D0-4900-B121-EFBB43AC39E1} = {1EB5F473-160E-41DC-B133-0ADA742BADDC}
		{81238098-7DE0-46A4-BE44-323BAA7AB1DC} = {E37FE9C5-7ED6-4F10-B6E6-6E90BFDE2767}
		{CB9DBA8E-1B34-497C-9DFA-D829DA45DEA2} = {E37FE9C5-7ED6-4F10-B6E6-6E90BFDE2767}
	EndGlobalSection
	GlobalSection(ExtensibilityGlobals) = postSolution
		SolutionGuid = {34A1EBEA-8203-4C7E-824A-AEA62550FF44}
	EndGlobalSection
EndGlobal
